// !$*UTF8*$!
{
	archiveVersion = 1;
	classes = {
	};
	objectVersion = 46;
	objects = {

/* Begin PBXBuildFile section */
		D595AAAC191EA1A100610061 /* Foundation.framework in Frameworks */ = {isa = PBXBuildFile; fileRef = D595AAAB191EA1A100610061 /* Foundation.framework */; };
		D595AAAE191EA1A100610061 /* CoreGraphics.framework in Frameworks */ = {isa = PBXBuildFile; fileRef = D595AAAD191EA1A100610061 /* CoreGraphics.framework */; };
		D595AAB0191EA1A100610061 /* UIKit.framework in Frameworks */ = {isa = PBXBuildFile; fileRef = D595AAAF191EA1A100610061 /* UIKit.framework */; };
		D595AAB6191EA1A100610061 /* InfoPlist.strings in Resources */ = {isa = PBXBuildFile; fileRef = D595AAB4191EA1A100610061 /* InfoPlist.strings */; };
		D595AAB8191EA1A100610061 /* main.m in Sources */ = {isa = PBXBuildFile; fileRef = D595AAB7191EA1A100610061 /* main.m */; };
		D595AABC191EA1A100610061 /* AppDelegate.m in Sources */ = {isa = PBXBuildFile; fileRef = D595AABB191EA1A100610061 /* AppDelegate.m */; };
		D595AABF191EA1A100610061 /* Main_iPhone.storyboard in Resources */ = {isa = PBXBuildFile; fileRef = D595AABD191EA1A100610061 /* Main_iPhone.storyboard */; };
		D595AAC2191EA1A100610061 /* Main_iPad.storyboard in Resources */ = {isa = PBXBuildFile; fileRef = D595AAC0191EA1A100610061 /* Main_iPad.storyboard */; };
		D595AAC5191EA1A100610061 /* MasterViewController.m in Sources */ = {isa = PBXBuildFile; fileRef = D595AAC4191EA1A100610061 /* MasterViewController.m */; };
		D595AAC8191EA1A100610061 /* DetailViewController.m in Sources */ = {isa = PBXBuildFile; fileRef = D595AAC7191EA1A100610061 /* DetailViewController.m */; };
		D595AACA191EA1A100610061 /* Images.xcassets in Resources */ = {isa = PBXBuildFile; fileRef = D595AAC9191EA1A100610061 /* Images.xcassets */; };
		D595AAD1191EA1A100610061 /* XCTest.framework in Frameworks */ = {isa = PBXBuildFile; fileRef = D595AAD0191EA1A100610061 /* XCTest.framework */; };
		D595AAD2191EA1A100610061 /* Foundation.framework in Frameworks */ = {isa = PBXBuildFile; fileRef = D595AAAB191EA1A100610061 /* Foundation.framework */; };
		D595AAD3191EA1A100610061 /* UIKit.framework in Frameworks */ = {isa = PBXBuildFile; fileRef = D595AAAF191EA1A100610061 /* UIKit.framework */; };
		D595AADB191EA1A100610061 /* InfoPlist.strings in Resources */ = {isa = PBXBuildFile; fileRef = D595AAD9191EA1A100610061 /* InfoPlist.strings */; };
		D595AADD191EA1A100610061 /* RendezvousTests.m in Sources */ = {isa = PBXBuildFile; fileRef = D595AADC191EA1A100610061 /* RendezvousTests.m */; };
/* End PBXBuildFile section */

/* Begin PBXContainerItemProxy section */
		D595AAD4191EA1A100610061 /* PBXContainerItemProxy */ = {
			isa = PBXContainerItemProxy;
			containerPortal = D595AAA0191EA1A000610061 /* Project object */;
			proxyType = 1;
			remoteGlobalIDString = D595AAA7191EA1A000610061;
			remoteInfo = Rendezvous;
		};
/* End PBXContainerItemProxy section */

/* Begin PBXFileReference section */
		D595AAA8191EA1A100610061 /* Rendezvous.app */ = {isa = PBXFileReference; explicitFileType = wrapper.application; includeInIndex = 0; path = Rendezvous.app; sourceTree = BUILT_PRODUCTS_DIR; };
		D595AAAB191EA1A100610061 /* Foundation.framework */ = {isa = PBXFileReference; lastKnownFileType = wrapper.framework; name = Foundation.framework; path = System/Library/Frameworks/Foundation.framework; sourceTree = SDKROOT; };
		D595AAAD191EA1A100610061 /* CoreGraphics.framework */ = {isa = PBXFileReference; lastKnownFileType = wrapper.framework; name = CoreGraphics.framework; path = System/Library/Frameworks/CoreGraphics.framework; sourceTree = SDKROOT; };
		D595AAAF191EA1A100610061 /* UIKit.framework */ = {isa = PBXFileReference; lastKnownFileType = wrapper.framework; name = UIKit.framework; path = System/Library/Frameworks/UIKit.framework; sourceTree = SDKROOT; };
		D595AAB3191EA1A100610061 /* Rendezvous-Info.plist */ = {isa = PBXFileReference; lastKnownFileType = text.plist.xml; path = "Rendezvous-Info.plist"; sourceTree = "<group>"; };
		D595AAB5191EA1A100610061 /* en */ = {isa = PBXFileReference; lastKnownFileType = text.plist.strings; name = en; path = en.lproj/InfoPlist.strings; sourceTree = "<group>"; };
		D595AAB7191EA1A100610061 /* main.m */ = {isa = PBXFileReference; lastKnownFileType = sourcecode.c.objc; path = main.m; sourceTree = "<group>"; };
		D595AAB9191EA1A100610061 /* Rendezvous-Prefix.pch */ = {isa = PBXFileReference; lastKnownFileType = sourcecode.c.h; path = "Rendezvous-Prefix.pch"; sourceTree = "<group>"; };
		D595AABA191EA1A100610061 /* AppDelegate.h */ = {isa = PBXFileReference; lastKnownFileType = sourcecode.c.h; path = AppDelegate.h; sourceTree = "<group>"; };
		D595AABB191EA1A100610061 /* AppDelegate.m */ = {isa = PBXFileReference; lastKnownFileType = sourcecode.c.objc; path = AppDelegate.m; sourceTree = "<group>"; };
		D595AABE191EA1A100610061 /* Base */ = {isa = PBXFileReference; lastKnownFileType = file.storyboard; name = Base; path = Base.lproj/Main_iPhone.storyboard; sourceTree = "<group>"; };
		D595AAC1191EA1A100610061 /* Base */ = {isa = PBXFileReference; lastKnownFileType = file.storyboard; name = Base; path = Base.lproj/Main_iPad.storyboard; sourceTree = "<group>"; };
		D595AAC3191EA1A100610061 /* MasterViewController.h */ = {isa = PBXFileReference; lastKnownFileType = sourcecode.c.h; path = MasterViewController.h; sourceTree = "<group>"; };
		D595AAC4191EA1A100610061 /* MasterViewController.m */ = {isa = PBXFileReference; lastKnownFileType = sourcecode.c.objc; path = MasterViewController.m; sourceTree = "<group>"; };
		D595AAC6191EA1A100610061 /* DetailViewController.h */ = {isa = PBXFileReference; lastKnownFileType = sourcecode.c.h; path = DetailViewController.h; sourceTree = "<group>"; };
		D595AAC7191EA1A100610061 /* DetailViewController.m */ = {isa = PBXFileReference; lastKnownFileType = sourcecode.c.objc; path = DetailViewController.m; sourceTree = "<group>"; };
		D595AAC9191EA1A100610061 /* Images.xcassets */ = {isa = PBXFileReference; lastKnownFileType = folder.assetcatalog; path = Images.xcassets; sourceTree = "<group>"; };
		D595AACF191EA1A100610061 /* RendezvousTests.xctest */ = {isa = PBXFileReference; explicitFileType = wrapper.cfbundle; includeInIndex = 0; path = RendezvousTests.xctest; sourceTree = BUILT_PRODUCTS_DIR; };
		D595AAD0191EA1A100610061 /* XCTest.framework */ = {isa = PBXFileReference; lastKnownFileType = wrapper.framework; name = XCTest.framework; path = Library/Frameworks/XCTest.framework; sourceTree = DEVELOPER_DIR; };
		D595AAD8191EA1A100610061 /* RendezvousTests-Info.plist */ = {isa = PBXFileReference; lastKnownFileType = text.plist.xml; path = "RendezvousTests-Info.plist"; sourceTree = "<group>"; };
		D595AADA191EA1A100610061 /* en */ = {isa = PBXFileReference; lastKnownFileType = text.plist.strings; name = en; path = en.lproj/InfoPlist.strings; sourceTree = "<group>"; };
		D595AADC191EA1A100610061 /* RendezvousTests.m */ = {isa = PBXFileReference; lastKnownFileType = sourcecode.c.objc; path = RendezvousTests.m; sourceTree = "<group>"; };
/* End PBXFileReference section */

/* Begin PBXFrameworksBuildPhase section */
		D595AAA5191EA1A000610061 /* Frameworks */ = {
			isa = PBXFrameworksBuildPhase;
			buildActionMask = 2147483647;
			files = (
				D595AAAE191EA1A100610061 /* CoreGraphics.framework in Frameworks */,
				D595AAB0191EA1A100610061 /* UIKit.framework in Frameworks */,
				D595AAAC191EA1A100610061 /* Foundation.framework in Frameworks */,
			);
			runOnlyForDeploymentPostprocessing = 0;
		};
		D595AACC191EA1A100610061 /* Frameworks */ = {
			isa = PBXFrameworksBuildPhase;
			buildActionMask = 2147483647;
			files = (
				D595AAD1191EA1A100610061 /* XCTest.framework in Frameworks */,
				D595AAD3191EA1A100610061 /* UIKit.framework in Frameworks */,
				D595AAD2191EA1A100610061 /* Foundation.framework in Frameworks */,
			);
			runOnlyForDeploymentPostprocessing = 0;
		};
/* End PBXFrameworksBuildPhase section */

/* Begin PBXGroup section */
		D595AA9F191EA1A000610061 = {
			isa = PBXGroup;
			children = (
				D595AAB1191EA1A100610061 /* Rendezvous */,
				D595AAD6191EA1A100610061 /* RendezvousTests */,
				D595AAAA191EA1A100610061 /* Frameworks */,
				D595AAA9191EA1A100610061 /* Products */,
			);
			sourceTree = "<group>";
		};
		D595AAA9191EA1A100610061 /* Products */ = {
			isa = PBXGroup;
			children = (
				D595AAA8191EA1A100610061 /* Rendezvous.app */,
				D595AACF191EA1A100610061 /* RendezvousTests.xctest */,
			);
			name = Products;
			sourceTree = "<group>";
		};
		D595AAAA191EA1A100610061 /* Frameworks */ = {
			isa = PBXGroup;
			children = (
				D595AAAB191EA1A100610061 /* Foundation.framework */,
				D595AAAD191EA1A100610061 /* CoreGraphics.framework */,
				D595AAAF191EA1A100610061 /* UIKit.framework */,
				D595AAD0191EA1A100610061 /* XCTest.framework */,
			);
			name = Frameworks;
			sourceTree = "<group>";
		};
		D595AAB1191EA1A100610061 /* Rendezvous */ = {
			isa = PBXGroup;
			children = (
				D595AABA191EA1A100610061 /* AppDelegate.h */,
				D595AABB191EA1A100610061 /* AppDelegate.m */,
				D595AABD191EA1A100610061 /* Main_iPhone.storyboard */,
				D595AAC0191EA1A100610061 /* Main_iPad.storyboard */,
				D595AAC3191EA1A100610061 /* MasterViewController.h */,
				D595AAC4191EA1A100610061 /* MasterViewController.m */,
				D595AAC6191EA1A100610061 /* DetailViewController.h */,
				D595AAC7191EA1A100610061 /* DetailViewController.m */,
				D595AAC9191EA1A100610061 /* Images.xcassets */,
				D595AAB2191EA1A100610061 /* Supporting Files */,
			);
			path = Rendezvous;
			sourceTree = "<group>";
		};
		D595AAB2191EA1A100610061 /* Supporting Files */ = {
			isa = PBXGroup;
			children = (
				D595AAB3191EA1A100610061 /* Rendezvous-Info.plist */,
				D595AAB4191EA1A100610061 /* InfoPlist.strings */,
				D595AAB7191EA1A100610061 /* main.m */,
				D595AAB9191EA1A100610061 /* Rendezvous-Prefix.pch */,
			);
			name = "Supporting Files";
			sourceTree = "<group>";
		};
		D595AAD6191EA1A100610061 /* RendezvousTests */ = {
			isa = PBXGroup;
			children = (
				D595AADC191EA1A100610061 /* RendezvousTests.m */,
				D595AAD7191EA1A100610061 /* Supporting Files */,
			);
			path = RendezvousTests;
			sourceTree = "<group>";
		};
		D595AAD7191EA1A100610061 /* Supporting Files */ = {
			isa = PBXGroup;
			children = (
				D595AAD8191EA1A100610061 /* RendezvousTests-Info.plist */,
				D595AAD9191EA1A100610061 /* InfoPlist.strings */,
			);
			name = "Supporting Files";
			sourceTree = "<group>";
		};
/* End PBXGroup section */

/* Begin PBXNativeTarget section */
		D595AAA7191EA1A000610061 /* Rendezvous */ = {
			isa = PBXNativeTarget;
			buildConfigurationList = D595AAE0191EA1A100610061 /* Build configuration list for PBXNativeTarget "Rendezvous" */;
			buildPhases = (
				D595AAA4191EA1A000610061 /* Sources */,
				D595AAA5191EA1A000610061 /* Frameworks */,
				D595AAA6191EA1A000610061 /* Resources */,
			);
			buildRules = (
			);
			dependencies = (
			);
			name = Rendezvous;
			productName = Rendezvous;
			productReference = D595AAA8191EA1A100610061 /* Rendezvous.app */;
			productType = "com.apple.product-type.application";
		};
		D595AACE191EA1A100610061 /* RendezvousTests */ = {
			isa = PBXNativeTarget;
			buildConfigurationList = D595AAE3191EA1A100610061 /* Build configuration list for PBXNativeTarget "RendezvousTests" */;
			buildPhases = (
				D595AACB191EA1A100610061 /* Sources */,
				D595AACC191EA1A100610061 /* Frameworks */,
				D595AACD191EA1A100610061 /* Resources */,
			);
			buildRules = (
			);
			dependencies = (
				D595AAD5191EA1A100610061 /* PBXTargetDependency */,
			);
			name = RendezvousTests;
			productName = RendezvousTests;
			productReference = D595AACF191EA1A100610061 /* RendezvousTests.xctest */;
			productType = "com.apple.product-type.bundle.unit-test";
		};
/* End PBXNativeTarget section */

/* Begin PBXProject section */
		D595AAA0191EA1A000610061 /* Project object */ = {
			isa = PBXProject;
			attributes = {
				LastUpgradeCheck = 0510;
				ORGANIZATIONNAME = "Christopher Su";
				TargetAttributes = {
					D595AACE191EA1A100610061 = {
						TestTargetID = D595AAA7191EA1A000610061;
					};
				};
			};
			buildConfigurationList = D595AAA3191EA1A000610061 /* Build configuration list for PBXProject "Rendezvous" */;
			compatibilityVersion = "Xcode 3.2";
			developmentRegion = English;
			hasScannedForEncodings = 0;
			knownRegions = (
				en,
				Base,
			);
			mainGroup = D595AA9F191EA1A000610061;
			productRefGroup = D595AAA9191EA1A100610061 /* Products */;
			projectDirPath = "";
			projectRoot = "";
			targets = (
				D595AAA7191EA1A000610061 /* Rendezvous */,
				D595AACE191EA1A100610061 /* RendezvousTests */,
			);
		};
/* End PBXProject section */

/* Begin PBXResourcesBuildPhase section */
		D595AAA6191EA1A000610061 /* Resources */ = {
			isa = PBXResourcesBuildPhase;
			buildActionMask = 2147483647;
			files = (
				D595AAC2191EA1A100610061 /* Main_iPad.storyboard in Resources */,
				D595AACA191EA1A100610061 /* Images.xcassets in Resources */,
				D595AABF191EA1A100610061 /* Main_iPhone.storyboard in Resources */,
				D595AAB6191EA1A100610061 /* InfoPlist.strings in Resources */,
			);
			runOnlyForDeploymentPostprocessing = 0;
		};
		D595AACD191EA1A100610061 /* Resources */ = {
			isa = PBXResourcesBuildPhase;
			buildActionMask = 2147483647;
			files = (
				D595AADB191EA1A100610061 /* InfoPlist.strings in Resources */,
			);
			runOnlyForDeploymentPostprocessing = 0;
		};
/* End PBXResourcesBuildPhase section */

/* Begin PBXSourcesBuildPhase section */
		D595AAA4191EA1A000610061 /* Sources */ = {
			isa = PBXSourcesBuildPhase;
			buildActionMask = 2147483647;
			files = (
				D595AABC191EA1A100610061 /* AppDelegate.m in Sources */,
				D595AAC5191EA1A100610061 /* MasterViewController.m in Sources */,
				D595AAB8191EA1A100610061 /* main.m in Sources */,
				D595AAC8191EA1A100610061 /* DetailViewController.m in Sources */,
			);
			runOnlyForDeploymentPostprocessing = 0;
		};
		D595AACB191EA1A100610061 /* Sources */ = {
			isa = PBXSourcesBuildPhase;
			buildActionMask = 2147483647;
			files = (
				D595AADD191EA1A100610061 /* RendezvousTests.m in Sources */,
			);
			runOnlyForDeploymentPostprocessing = 0;
		};
/* End PBXSourcesBuildPhase section */

/* Begin PBXTargetDependency section */
		D595AAD5191EA1A100610061 /* PBXTargetDependency */ = {
			isa = PBXTargetDependency;
			target = D595AAA7191EA1A000610061 /* Rendezvous */;
			targetProxy = D595AAD4191EA1A100610061 /* PBXContainerItemProxy */;
		};
/* End PBXTargetDependency section */

/* Begin PBXVariantGroup section */
		D595AAB4191EA1A100610061 /* InfoPlist.strings */ = {
			isa = PBXVariantGroup;
			children = (
				D595AAB5191EA1A100610061 /* en */,
			);
			name = InfoPlist.strings;
			sourceTree = "<group>";
		};
		D595AABD191EA1A100610061 /* Main_iPhone.storyboard */ = {
			isa = PBXVariantGroup;
			children = (
				D595AABE191EA1A100610061 /* Base */,
			);
			name = Main_iPhone.storyboard;
			sourceTree = "<group>";
		};
		D595AAC0191EA1A100610061 /* Main_iPad.storyboard */ = {
			isa = PBXVariantGroup;
			children = (
				D595AAC1191EA1A100610061 /* Base */,
			);
			name = Main_iPad.storyboard;
			sourceTree = "<group>";
		};
		D595AAD9191EA1A100610061 /* InfoPlist.strings */ = {
			isa = PBXVariantGroup;
			children = (
				D595AADA191EA1A100610061 /* en */,
			);
			name = InfoPlist.strings;
			sourceTree = "<group>";
		};
/* End PBXVariantGroup section */

/* Begin XCBuildConfiguration section */
		D595AADE191EA1A100610061 /* Debug */ = {
			isa = XCBuildConfiguration;
			buildSettings = {
				ALWAYS_SEARCH_USER_PATHS = NO;
				CLANG_CXX_LANGUAGE_STANDARD = "gnu++0x";
				CLANG_CXX_LIBRARY = "libc++";
				CLANG_ENABLE_MODULES = YES;
				CLANG_ENABLE_OBJC_ARC = YES;
				CLANG_WARN_BOOL_CONVERSION = YES;
				CLANG_WARN_CONSTANT_CONVERSION = YES;
				CLANG_WARN_DIRECT_OBJC_ISA_USAGE = YES_ERROR;
				CLANG_WARN_EMPTY_BODY = YES;
				CLANG_WARN_ENUM_CONVERSION = YES;
				CLANG_WARN_INT_CONVERSION = YES;
				CLANG_WARN_OBJC_ROOT_CLASS = YES_ERROR;
				CLANG_WARN__DUPLICATE_METHOD_MATCH = YES;
				"CODE_SIGN_IDENTITY[sdk=iphoneos*]" = "iPhone Developer";
				COPY_PHASE_STRIP = NO;
				GCC_C_LANGUAGE_STANDARD = gnu99;
				GCC_DYNAMIC_NO_PIC = NO;
				GCC_OPTIMIZATION_LEVEL = 0;
				GCC_PREPROCESSOR_DEFINITIONS = (
					"DEBUG=1",
					"$(inherited)",
				);
				GCC_SYMBOLS_PRIVATE_EXTERN = NO;
				GCC_WARN_64_TO_32_BIT_CONVERSION = YES;
				GCC_WARN_ABOUT_RETURN_TYPE = YES_ERROR;
				GCC_WARN_UNDECLARED_SELECTOR = YES;
				GCC_WARN_UNINITIALIZED_AUTOS = YES_AGGRESSIVE;
				GCC_WARN_UNUSED_FUNCTION = YES;
				GCC_WARN_UNUSED_VARIABLE = YES;
				IPHONEOS_DEPLOYMENT_TARGET = 7.1;
				ONLY_ACTIVE_ARCH = YES;
				SDKROOT = iphoneos;
				TARGETED_DEVICE_FAMILY = "1,2";
			};
			name = Debug;
		};
		D595AADF191EA1A100610061 /* Release */ = {
			isa = XCBuildConfiguration;
			buildSettings = {
				ALWAYS_SEARCH_USER_PATHS = NO;
				CLANG_CXX_LANGUAGE_STANDARD = "gnu++0x";
				CLANG_CXX_LIBRARY = "libc++";
				CLANG_ENABLE_MODULES = YES;
				CLANG_ENABLE_OBJC_ARC = YES;
				CLANG_WARN_BOOL_CONVERSION = YES;
				CLANG_WARN_CONSTANT_CONVERSION = YES;
				CLANG_WARN_DIRECT_OBJC_ISA_USAGE = YES_ERROR;
				CLANG_WARN_EMPTY_BODY = YES;
				CLANG_WARN_ENUM_CONVERSION = YES;
				CLANG_WARN_INT_CONVERSION = YES;
				CLANG_WARN_OBJC_ROOT_CLASS = YES_ERROR;
				CLANG_WARN__DUPLICATE_METHOD_MATCH = YES;
				"CODE_SIGN_IDENTITY[sdk=iphoneos*]" = "iPhone Developer";
				COPY_PHASE_STRIP = YES;
				ENABLE_NS_ASSERTIONS = NO;
				GCC_C_LANGUAGE_STANDARD = gnu99;
				GCC_WARN_64_TO_32_BIT_CONVERSION = YES;
				GCC_WARN_ABOUT_RETURN_TYPE = YES_ERROR;
				GCC_WARN_UNDECLARED_SELECTOR = YES;
				GCC_WARN_UNINITIALIZED_AUTOS = YES_AGGRESSIVE;
				GCC_WARN_UNUSED_FUNCTION = YES;
				GCC_WARN_UNUSED_VARIABLE = YES;
				IPHONEOS_DEPLOYMENT_TARGET = 7.1;
				SDKROOT = iphoneos;
				TARGETED_DEVICE_FAMILY = "1,2";
				VALIDATE_PRODUCT = YES;
			};
			name = Release;
		};
		D595AAE1191EA1A100610061 /* Debug */ = {
			isa = XCBuildConfiguration;
			buildSettings = {
				ASSETCATALOG_COMPILER_APPICON_NAME = AppIcon;
				ASSETCATALOG_COMPILER_LAUNCHIMAGE_NAME = LaunchImage;
				GCC_PRECOMPILE_PREFIX_HEADER = YES;
				GCC_PREFIX_HEADER = "Rendezvous/Rendezvous-Prefix.pch";
				INFOPLIST_FILE = "Rendezvous/Rendezvous-Info.plist";
				PRODUCT_NAME = "$(TARGET_NAME)";
				WRAPPER_EXTENSION = app;
			};
			name = Debug;
		};
		D595AAE2191EA1A100610061 /* Release */ = {
			isa = XCBuildConfiguration;
			buildSettings = {
				ASSETCATALOG_COMPILER_APPICON_NAME = AppIcon;
				ASSETCATALOG_COMPILER_LAUNCHIMAGE_NAME = LaunchImage;
				GCC_PRECOMPILE_PREFIX_HEADER = YES;
				GCC_PREFIX_HEADER = "Rendezvous/Rendezvous-Prefix.pch";
				INFOPLIST_FILE = "Rendezvous/Rendezvous-Info.plist";
				PRODUCT_NAME = "$(TARGET_NAME)";
				WRAPPER_EXTENSION = app;
			};
			name = Release;
		};
		D595AAE4191EA1A100610061 /* Debug */ = {
			isa = XCBuildConfiguration;
			buildSettings = {
				BUNDLE_LOADER = "$(BUILT_PRODUCTS_DIR)/Rendezvous.app/Rendezvous";
				FRAMEWORK_SEARCH_PATHS = (
					"$(SDKROOT)/Developer/Library/Frameworks",
					"$(inherited)",
					"$(DEVELOPER_FRAMEWORKS_DIR)",
				);
				GCC_PRECOMPILE_PREFIX_HEADER = YES;
				GCC_PREFIX_HEADER = "Rendezvous/Rendezvous-Prefix.pch";
				GCC_PREPROCESSOR_DEFINITIONS = (
					"DEBUG=1",
					"$(inherited)",
				);
				INFOPLIST_FILE = "RendezvousTests/RendezvousTests-Info.plist";
				PRODUCT_NAME = "$(TARGET_NAME)";
				TEST_HOST = "$(BUNDLE_LOADER)";
				WRAPPER_EXTENSION = xctest;
			};
			name = Debug;
		};
		D595AAE5191EA1A100610061 /* Release */ = {
			isa = XCBuildConfiguration;
			buildSettings = {
				BUNDLE_LOADER = "$(BUILT_PRODUCTS_DIR)/Rendezvous.app/Rendezvous";
				FRAMEWORK_SEARCH_PATHS = (
					"$(SDKROOT)/Developer/Library/Frameworks",
					"$(inherited)",
					"$(DEVELOPER_FRAMEWORKS_DIR)",
				);
				GCC_PRECOMPILE_PREFIX_HEADER = YES;
				GCC_PREFIX_HEADER = "Rendezvous/Rendezvous-Prefix.pch";
				INFOPLIST_FILE = "RendezvousTests/RendezvousTests-Info.plist";
				PRODUCT_NAME = "$(TARGET_NAME)";
				TEST_HOST = "$(BUNDLE_LOADER)";
				WRAPPER_EXTENSION = xctest;
			};
			name = Release;
		};
/* End XCBuildConfiguration section */

/* Begin XCConfigurationList section */
		D595AAA3191EA1A000610061 /* Build configuration list for PBXProject "Rendezvous" */ = {
			isa = XCConfigurationList;
			buildConfigurations = (
				D595AADE191EA1A100610061 /* Debug */,
				D595AADF191EA1A100610061 /* Release */,
			);
			defaultConfigurationIsVisible = 0;
			defaultConfigurationName = Release;
		};
		D595AAE0191EA1A100610061 /* Build configuration list for PBXNativeTarget "Rendezvous" */ = {
			isa = XCConfigurationList;
			buildConfigurations = (
				D595AAE1191EA1A100610061 /* Debug */,
				D595AAE2191EA1A100610061 /* Release */,
			);
			defaultConfigurationIsVisible = 0;
		};
		D595AAE3191EA1A100610061 /* Build configuration list for PBXNativeTarget "RendezvousTests" */ = {
			isa = XCConfigurationList;
			buildConfigurations = (
				D595AAE4191EA1A100610061 /* Debug */,
				D595AAE5191EA1A100610061 /* Release */,
			);
			defaultConfigurationIsVisible = 0;
		};
/* End XCConfigurationList section */
	};
	rootObject = D595AAA0191EA1A000610061 /* Project object */;
}
